// !$*UTF8*$!
{
	archiveVersion = 1;
	classes = {
	};
	objectVersion = 50;
	objects = {

/* Begin PBXBuildFile section */
		A29FACEA25EECF4A00F999A0 /* MonarchApp.swift in Sources */ = {isa = PBXBuildFile; fileRef = A29FACD725EECF4900F999A0 /* MonarchApp.swift */; };
		A29FACEB25EECF4A00F999A0 /* MonarchApp.swift in Sources */ = {isa = PBXBuildFile; fileRef = A29FACD725EECF4900F999A0 /* MonarchApp.swift */; };
		A29FACEC25EECF4A00F999A0 /* ContentView.swift in Sources */ = {isa = PBXBuildFile; fileRef = A29FACD825EECF4900F999A0 /* ContentView.swift */; };
		A29FACED25EECF4A00F999A0 /* ContentView.swift in Sources */ = {isa = PBXBuildFile; fileRef = A29FACD825EECF4900F999A0 /* ContentView.swift */; };
		A29FACEE25EECF4A00F999A0 /* Assets.xcassets in Resources */ = {isa = PBXBuildFile; fileRef = A29FACD925EECF4A00F999A0 /* Assets.xcassets */; };
		A29FACEF25EECF4A00F999A0 /* Assets.xcassets in Resources */ = {isa = PBXBuildFile; fileRef = A29FACD925EECF4A00F999A0 /* Assets.xcassets */; };
		A29FACFB25EECF7F00F999A0 /* CameraDeviceManager.swift in Sources */ = {isa = PBXBuildFile; fileRef = A29FACFA25EECF7E00F999A0 /* CameraDeviceManager.swift */; };
		A29FACFC25EECF7F00F999A0 /* CameraDeviceManager.swift in Sources */ = {isa = PBXBuildFile; fileRef = A29FACFA25EECF7E00F999A0 /* CameraDeviceManager.swift */; };
		A29FAD0025EED17500F999A0 /* CameraDeviceRowView.swift in Sources */ = {isa = PBXBuildFile; fileRef = A29FACFF25EED17500F999A0 /* CameraDeviceRowView.swift */; };
		A29FAD0125EED17500F999A0 /* CameraDeviceRowView.swift in Sources */ = {isa = PBXBuildFile; fileRef = A29FACFF25EED17500F999A0 /* CameraDeviceRowView.swift */; };
		A29FAD1425F021C300F999A0 /* CameraDeviceListView.swift in Sources */ = {isa = PBXBuildFile; fileRef = A29FAD1325F021C300F999A0 /* CameraDeviceListView.swift */; };
		A29FAD1525F021C300F999A0 /* CameraDeviceListView.swift in Sources */ = {isa = PBXBuildFile; fileRef = A29FAD1325F021C300F999A0 /* CameraDeviceListView.swift */; };
		A29FAD1925F02C9F00F999A0 /* CameraItemsView.swift in Sources */ = {isa = PBXBuildFile; fileRef = A29FAD1825F02C9F00F999A0 /* CameraItemsView.swift */; };
		A29FAD1A25F02C9F00F999A0 /* CameraItemsView.swift in Sources */ = {isa = PBXBuildFile; fileRef = A29FAD1825F02C9F00F999A0 /* CameraItemsView.swift */; };
		A29FAD2025F0410F00F999A0 /* MediaItemView.swift in Sources */ = {isa = PBXBuildFile; fileRef = A29FAD1F25F0410F00F999A0 /* MediaItemView.swift */; };
		A29FAD2125F0410F00F999A0 /* MediaItemView.swift in Sources */ = {isa = PBXBuildFile; fileRef = A29FAD1F25F0410F00F999A0 /* MediaItemView.swift */; };
		A29FAD2725F1160C00F999A0 /* ViewController.swift in Sources */ = {isa = PBXBuildFile; fileRef = A29FAD2625F1160C00F999A0 /* ViewController.swift */; };
/* End PBXBuildFile section */

/* Begin PBXFileReference section */
		A29FACD725EECF4900F999A0 /* MonarchApp.swift */ = {isa = PBXFileReference; lastKnownFileType = sourcecode.swift; path = MonarchApp.swift; sourceTree = "<group>"; };
		A29FACD825EECF4900F999A0 /* ContentView.swift */ = {isa = PBXFileReference; lastKnownFileType = sourcecode.swift; path = ContentView.swift; sourceTree = "<group>"; };
		A29FACD925EECF4A00F999A0 /* Assets.xcassets */ = {isa = PBXFileReference; lastKnownFileType = folder.assetcatalog; path = Assets.xcassets; sourceTree = "<group>"; };
		A29FACDE25EECF4A00F999A0 /* Monarch.app */ = {isa = PBXFileReference; explicitFileType = wrapper.application; includeInIndex = 0; path = Monarch.app; sourceTree = BUILT_PRODUCTS_DIR; };
		A29FACE125EECF4A00F999A0 /* Info.plist */ = {isa = PBXFileReference; lastKnownFileType = text.plist.xml; path = Info.plist; sourceTree = "<group>"; };
		A29FACE625EECF4A00F999A0 /* Monarch.app */ = {isa = PBXFileReference; explicitFileType = wrapper.application; includeInIndex = 0; path = Monarch.app; sourceTree = BUILT_PRODUCTS_DIR; };
		A29FACE825EECF4A00F999A0 /* Info.plist */ = {isa = PBXFileReference; lastKnownFileType = text.plist.xml; path = Info.plist; sourceTree = "<group>"; };
		A29FACE925EECF4A00F999A0 /* macOS.entitlements */ = {isa = PBXFileReference; lastKnownFileType = text.plist.entitlements; path = macOS.entitlements; sourceTree = "<group>"; };
		A29FACFA25EECF7E00F999A0 /* CameraDeviceManager.swift */ = {isa = PBXFileReference; fileEncoding = 4; lastKnownFileType = sourcecode.swift; path = CameraDeviceManager.swift; sourceTree = "<group>"; };
		A29FACFF25EED17500F999A0 /* CameraDeviceRowView.swift */ = {isa = PBXFileReference; lastKnownFileType = sourcecode.swift; path = CameraDeviceRowView.swift; sourceTree = "<group>"; };
		A29FAD1325F021C300F999A0 /* CameraDeviceListView.swift */ = {isa = PBXFileReference; lastKnownFileType = sourcecode.swift; path = CameraDeviceListView.swift; sourceTree = "<group>"; };
		A29FAD1825F02C9F00F999A0 /* CameraItemsView.swift */ = {isa = PBXFileReference; lastKnownFileType = sourcecode.swift; path = CameraItemsView.swift; sourceTree = "<group>"; };
		A29FAD1F25F0410F00F999A0 /* MediaItemView.swift */ = {isa = PBXFileReference; lastKnownFileType = sourcecode.swift; path = MediaItemView.swift; sourceTree = "<group>"; };
		A29FAD2625F1160C00F999A0 /* ViewController.swift */ = {isa = PBXFileReference; fileEncoding = 4; lastKnownFileType = sourcecode.swift; path = ViewController.swift; sourceTree = "<group>"; };
/* End PBXFileReference section */

/* Begin PBXFrameworksBuildPhase section */
		A29FACDB25EECF4A00F999A0 /* Frameworks */ = {
			isa = PBXFrameworksBuildPhase;
			buildActionMask = 2147483647;
			files = (
			);
			runOnlyForDeploymentPostprocessing = 0;
		};
		A29FACE325EECF4A00F999A0 /* Frameworks */ = {
			isa = PBXFrameworksBuildPhase;
			buildActionMask = 2147483647;
			files = (
			);
			runOnlyForDeploymentPostprocessing = 0;
		};
/* End PBXFrameworksBuildPhase section */

/* Begin PBXGroup section */
		A29FACD125EECF4800F999A0 = {
			isa = PBXGroup;
			children = (
				A29FAD2625F1160C00F999A0 /* ViewController.swift */,
				A29FACD625EECF4900F999A0 /* Shared */,
				A29FACE025EECF4A00F999A0 /* iOS */,
				A29FACE725EECF4A00F999A0 /* macOS */,
				A29FACDF25EECF4A00F999A0 /* Products */,
			);
			sourceTree = "<group>";
		};
		A29FACD625EECF4900F999A0 /* Shared */ = {
			isa = PBXGroup;
			children = (
				A29FACD725EECF4900F999A0 /* MonarchApp.swift */,
				A29FACD825EECF4900F999A0 /* ContentView.swift */,
				A29FAD1325F021C300F999A0 /* CameraDeviceListView.swift */,
				A29FACFF25EED17500F999A0 /* CameraDeviceRowView.swift */,
				A29FAD1825F02C9F00F999A0 /* CameraItemsView.swift */,
				A29FAD1F25F0410F00F999A0 /* MediaItemView.swift */,
				A29FACFA25EECF7E00F999A0 /* CameraDeviceManager.swift */,
				A29FACD925EECF4A00F999A0 /* Assets.xcassets */,
			);
			path = Shared;
			sourceTree = "<group>";
		};
		A29FACDF25EECF4A00F999A0 /* Products */ = {
			isa = PBXGroup;
			children = (
				A29FACDE25EECF4A00F999A0 /* Monarch.app */,
				A29FACE625EECF4A00F999A0 /* Monarch.app */,
			);
			name = Products;
			sourceTree = "<group>";
		};
		A29FACE025EECF4A00F999A0 /* iOS */ = {
			isa = PBXGroup;
			children = (
				A29FACE125EECF4A00F999A0 /* Info.plist */,
			);
			path = iOS;
			sourceTree = "<group>";
		};
		A29FACE725EECF4A00F999A0 /* macOS */ = {
			isa = PBXGroup;
			children = (
				A29FACE825EECF4A00F999A0 /* Info.plist */,
				A29FACE925EECF4A00F999A0 /* macOS.entitlements */,
			);
			path = macOS;
			sourceTree = "<group>";
		};
/* End PBXGroup section */

/* Begin PBXNativeTarget section */
		A29FACDD25EECF4A00F999A0 /* Monarch (iOS) */ = {
			isa = PBXNativeTarget;
			buildConfigurationList = A29FACF225EECF4A00F999A0 /* Build configuration list for PBXNativeTarget "Monarch (iOS)" */;
			buildPhases = (
				A29FACDA25EECF4A00F999A0 /* Sources */,
				A29FACDB25EECF4A00F999A0 /* Frameworks */,
				A29FACDC25EECF4A00F999A0 /* Resources */,
			);
			buildRules = (
			);
			dependencies = (
			);
			name = "Monarch (iOS)";
			productName = "Monarch (iOS)";
			productReference = A29FACDE25EECF4A00F999A0 /* Monarch.app */;
			productType = "com.apple.product-type.application";
		};
		A29FACE525EECF4A00F999A0 /* Monarch (macOS) */ = {
			isa = PBXNativeTarget;
			buildConfigurationList = A29FACF525EECF4A00F999A0 /* Build configuration list for PBXNativeTarget "Monarch (macOS)" */;
			buildPhases = (
				A29FACE225EECF4A00F999A0 /* Sources */,
				A29FACE325EECF4A00F999A0 /* Frameworks */,
				A29FACE425EECF4A00F999A0 /* Resources */,
			);
			buildRules = (
			);
			dependencies = (
			);
			name = "Monarch (macOS)";
			productName = "Monarch (macOS)";
			productReference = A29FACE625EECF4A00F999A0 /* Monarch.app */;
			productType = "com.apple.product-type.application";
		};
/* End PBXNativeTarget section */

/* Begin PBXProject section */
		A29FACD225EECF4800F999A0 /* Project object */ = {
			isa = PBXProject;
			attributes = {
				LastSwiftUpdateCheck = 1230;
				LastUpgradeCheck = 1230;
				TargetAttributes = {
					A29FACDD25EECF4A00F999A0 = {
						CreatedOnToolsVersion = 12.3;
					};
					A29FACE525EECF4A00F999A0 = {
						CreatedOnToolsVersion = 12.3;
					};
				};
			};
			buildConfigurationList = A29FACD525EECF4800F999A0 /* Build configuration list for PBXProject "Monarch" */;
			compatibilityVersion = "Xcode 9.3";
			developmentRegion = en;
			hasScannedForEncodings = 0;
			knownRegions = (
				en,
				Base,
			);
			mainGroup = A29FACD125EECF4800F999A0;
			productRefGroup = A29FACDF25EECF4A00F999A0 /* Products */;
			projectDirPath = "";
			projectRoot = "";
			targets = (
				A29FACDD25EECF4A00F999A0 /* Monarch (iOS) */,
				A29FACE525EECF4A00F999A0 /* Monarch (macOS) */,
			);
		};
/* End PBXProject section */

/* Begin PBXResourcesBuildPhase section */
		A29FACDC25EECF4A00F999A0 /* Resources */ = {
			isa = PBXResourcesBuildPhase;
			buildActionMask = 2147483647;
			files = (
				A29FACEE25EECF4A00F999A0 /* Assets.xcassets in Resources */,
			);
			runOnlyForDeploymentPostprocessing = 0;
		};
		A29FACE425EECF4A00F999A0 /* Resources */ = {
			isa = PBXResourcesBuildPhase;
			buildActionMask = 2147483647;
			files = (
				A29FACEF25EECF4A00F999A0 /* Assets.xcassets in Resources */,
			);
			runOnlyForDeploymentPostprocessing = 0;
		};
/* End PBXResourcesBuildPhase section */

/* Begin PBXSourcesBuildPhase section */
		A29FACDA25EECF4A00F999A0 /* Sources */ = {
			isa = PBXSourcesBuildPhase;
			buildActionMask = 2147483647;
			files = (
				A29FAD0025EED17500F999A0 /* CameraDeviceRowView.swift in Sources */,
				A29FACFB25EECF7F00F999A0 /* CameraDeviceManager.swift in Sources */,
				A29FAD1425F021C300F999A0 /* CameraDeviceListView.swift in Sources */,
				A29FACEC25EECF4A00F999A0 /* ContentView.swift in Sources */,
				A29FAD1925F02C9F00F999A0 /* CameraItemsView.swift in Sources */,
				A29FACEA25EECF4A00F999A0 /* MonarchApp.swift in Sources */,
				A29FAD2025F0410F00F999A0 /* MediaItemView.swift in Sources */,
			);
			runOnlyForDeploymentPostprocessing = 0;
		};
		A29FACE225EECF4A00F999A0 /* Sources */ = {
			isa = PBXSourcesBuildPhase;
			buildActionMask = 2147483647;
			files = (
				A29FAD0125EED17500F999A0 /* CameraDeviceRowView.swift in Sources */,
				A29FACFC25EECF7F00F999A0 /* CameraDeviceManager.swift in Sources */,
				A29FAD1525F021C300F999A0 /* CameraDeviceListView.swift in Sources */,
				A29FACED25EECF4A00F999A0 /* ContentView.swift in Sources */,
				A29FAD1A25F02C9F00F999A0 /* CameraItemsView.swift in Sources */,
				A29FACEB25EECF4A00F999A0 /* MonarchApp.swift in Sources */,
				A29FAD2725F1160C00F999A0 /* ViewController.swift in Sources */,
				A29FAD2125F0410F00F999A0 /* MediaItemView.swift in Sources */,
			);
			runOnlyForDeploymentPostprocessing = 0;
		};
/* End PBXSourcesBuildPhase section */

/* Begin XCBuildConfiguration section */
		A29FACF025EECF4A00F999A0 /* Debug */ = {
			isa = XCBuildConfiguration;
			buildSettings = {
				ALWAYS_SEARCH_USER_PATHS = NO;
				CLANG_ANALYZER_NONNULL = YES;
				CLANG_ANALYZER_NUMBER_OBJECT_CONVERSION = YES_AGGRESSIVE;
				CLANG_CXX_LANGUAGE_STANDARD = "gnu++14";
				CLANG_CXX_LIBRARY = "libc++";
				CLANG_ENABLE_MODULES = YES;
				CLANG_ENABLE_OBJC_ARC = YES;
				CLANG_ENABLE_OBJC_WEAK = YES;
				CLANG_WARN_BLOCK_CAPTURE_AUTORELEASING = YES;
				CLANG_WARN_BOOL_CONVERSION = YES;
				CLANG_WARN_COMMA = YES;
				CLANG_WARN_CONSTANT_CONVERSION = YES;
				CLANG_WARN_DEPRECATED_OBJC_IMPLEMENTATIONS = YES;
				CLANG_WARN_DIRECT_OBJC_ISA_USAGE = YES_ERROR;
				CLANG_WARN_DOCUMENTATION_COMMENTS = YES;
				CLANG_WARN_EMPTY_BODY = YES;
				CLANG_WARN_ENUM_CONVERSION = YES;
				CLANG_WARN_INFINITE_RECURSION = YES;
				CLANG_WARN_INT_CONVERSION = YES;
				CLANG_WARN_NON_LITERAL_NULL_CONVERSION = YES;
				CLANG_WARN_OBJC_IMPLICIT_RETAIN_SELF = YES;
				CLANG_WARN_OBJC_LITERAL_CONVERSION = YES;
				CLANG_WARN_OBJC_ROOT_CLASS = YES_ERROR;
				CLANG_WARN_QUOTED_INCLUDE_IN_FRAMEWORK_HEADER = YES;
				CLANG_WARN_RANGE_LOOP_ANALYSIS = YES;
				CLANG_WARN_STRICT_PROTOTYPES = YES;
				CLANG_WARN_SUSPICIOUS_MOVE = YES;
				CLANG_WARN_UNGUARDED_AVAILABILITY = YES_AGGRESSIVE;
				CLANG_WARN_UNREACHABLE_CODE = YES;
				CLANG_WARN__DUPLICATE_METHOD_MATCH = YES;
				COPY_PHASE_STRIP = NO;
				DEBUG_INFORMATION_FORMAT = dwarf;
				ENABLE_STRICT_OBJC_MSGSEND = YES;
				ENABLE_TESTABILITY = YES;
				GCC_C_LANGUAGE_STANDARD = gnu11;
				GCC_DYNAMIC_NO_PIC = NO;
				GCC_NO_COMMON_BLOCKS = YES;
				GCC_OPTIMIZATION_LEVEL = 0;
				GCC_PREPROCESSOR_DEFINITIONS = (
					"DEBUG=1",
					"$(inherited)",
				);
				GCC_WARN_64_TO_32_BIT_CONVERSION = YES;
				GCC_WARN_ABOUT_RETURN_TYPE = YES_ERROR;
				GCC_WARN_UNDECLARED_SELECTOR = YES;
				GCC_WARN_UNINITIALIZED_AUTOS = YES_AGGRESSIVE;
				GCC_WARN_UNUSED_FUNCTION = YES;
				GCC_WARN_UNUSED_VARIABLE = YES;
				MTL_ENABLE_DEBUG_INFO = INCLUDE_SOURCE;
				MTL_FAST_MATH = YES;
				ONLY_ACTIVE_ARCH = YES;
				SWIFT_ACTIVE_COMPILATION_CONDITIONS = DEBUG;
				SWIFT_OPTIMIZATION_LEVEL = "-Onone";
			};
			name = Debug;
		};
		A29FACF125EECF4A00F999A0 /* Release */ = {
			isa = XCBuildConfiguration;
			buildSettings = {
				ALWAYS_SEARCH_USER_PATHS = NO;
				CLANG_ANALYZER_NONNULL = YES;
				CLANG_ANALYZER_NUMBER_OBJECT_CONVERSION = YES_AGGRESSIVE;
				CLANG_CXX_LANGUAGE_STANDARD = "gnu++14";
				CLANG_CXX_LIBRARY = "libc++";
				CLANG_ENABLE_MODULES = YES;
				CLANG_ENABLE_OBJC_ARC = YES;
				CLANG_ENABLE_OBJC_WEAK = YES;
				CLANG_WARN_BLOCK_CAPTURE_AUTORELEASING = YES;
				CLANG_WARN_BOOL_CONVERSION = YES;
				CLANG_WARN_COMMA = YES;
				CLANG_WARN_CONSTANT_CONVERSION = YES;
				CLANG_WARN_DEPRECATED_OBJC_IMPLEMENTATIONS = YES;
				CLANG_WARN_DIRECT_OBJC_ISA_USAGE = YES_ERROR;
				CLANG_WARN_DOCUMENTATION_COMMENTS = YES;
				CLANG_WARN_EMPTY_BODY = YES;
				CLANG_WARN_ENUM_CONVERSION = YES;
				CLANG_WARN_INFINITE_RECURSION = YES;
				CLANG_WARN_INT_CONVERSION = YES;
				CLANG_WARN_NON_LITERAL_NULL_CONVERSION = YES;
				CLANG_WARN_OBJC_IMPLICIT_RETAIN_SELF = YES;
				CLANG_WARN_OBJC_LITERAL_CONVERSION = YES;
				CLANG_WARN_OBJC_ROOT_CLASS = YES_ERROR;
				CLANG_WARN_QUOTED_INCLUDE_IN_FRAMEWORK_HEADER = YES;
				CLANG_WARN_RANGE_LOOP_ANALYSIS = YES;
				CLANG_WARN_STRICT_PROTOTYPES = YES;
				CLANG_WARN_SUSPICIOUS_MOVE = YES;
				CLANG_WARN_UNGUARDED_AVAILABILITY = YES_AGGRESSIVE;
				CLANG_WARN_UNREACHABLE_CODE = YES;
				CLANG_WARN__DUPLICATE_METHOD_MATCH = YES;
				COPY_PHASE_STRIP = NO;
				DEBUG_INFORMATION_FORMAT = "dwarf-with-dsym";
				ENABLE_NS_ASSERTIONS = NO;
				ENABLE_STRICT_OBJC_MSGSEND = YES;
				GCC_C_LANGUAGE_STANDARD = gnu11;
				GCC_NO_COMMON_BLOCKS = YES;
				GCC_WARN_64_TO_32_BIT_CONVERSION = YES;
				GCC_WARN_ABOUT_RETURN_TYPE = YES_ERROR;
				GCC_WARN_UNDECLARED_SELECTOR = YES;
				GCC_WARN_UNINITIALIZED_AUTOS = YES_AGGRESSIVE;
				GCC_WARN_UNUSED_FUNCTION = YES;
				GCC_WARN_UNUSED_VARIABLE = YES;
				MTL_ENABLE_DEBUG_INFO = NO;
				MTL_FAST_MATH = YES;
				SWIFT_COMPILATION_MODE = wholemodule;
				SWIFT_OPTIMIZATION_LEVEL = "-O";
			};
			name = Release;
		};
		A29FACF325EECF4A00F999A0 /* Debug */ = {
			isa = XCBuildConfiguration;
			buildSettings = {
				ASSETCATALOG_COMPILER_APPICON_NAME = AppIcon;
				ASSETCATALOG_COMPILER_GLOBAL_ACCENT_COLOR_NAME = AccentColor;
				CODE_SIGN_STYLE = Automatic;
				DEVELOPMENT_TEAM = 2C6KT7L4EZ;
				ENABLE_PREVIEWS = YES;
				INFOPLIST_FILE = iOS/Info.plist;
				IPHONEOS_DEPLOYMENT_TARGET = 14.0;
				LD_RUNPATH_SEARCH_PATHS = (
					"$(inherited)",
					"@executable_path/Frameworks",
				);
				PRODUCT_BUNDLE_IDENTIFIER = VNJ.Monarch;
				PRODUCT_NAME = Monarch;
				SDKROOT = iphoneos;
				SWIFT_VERSION = 5.0;
				TARGETED_DEVICE_FAMILY = "1,2";
			};
			name = Debug;
		};
		A29FACF425EECF4A00F999A0 /* Release */ = {
			isa = XCBuildConfiguration;
			buildSettings = {
				ASSETCATALOG_COMPILER_APPICON_NAME = AppIcon;
				ASSETCATALOG_COMPILER_GLOBAL_ACCENT_COLOR_NAME = AccentColor;
				CODE_SIGN_STYLE = Automatic;
				DEVELOPMENT_TEAM = 2C6KT7L4EZ;
				ENABLE_PREVIEWS = YES;
				INFOPLIST_FILE = iOS/Info.plist;
				IPHONEOS_DEPLOYMENT_TARGET = 14.0;
				LD_RUNPATH_SEARCH_PATHS = (
					"$(inherited)",
					"@executable_path/Frameworks",
				);
				PRODUCT_BUNDLE_IDENTIFIER = VNJ.Monarch;
				PRODUCT_NAME = Monarch;
				SDKROOT = iphoneos;
				SWIFT_VERSION = 5.0;
				TARGETED_DEVICE_FAMILY = "1,2";
				VALIDATE_PRODUCT = YES;
			};
			name = Release;
		};
		A29FACF625EECF4A00F999A0 /* Debug */ = {
			isa = XCBuildConfiguration;
			buildSettings = {
				ASSETCATALOG_COMPILER_APPICON_NAME = AppIcon;
				ASSETCATALOG_COMPILER_GLOBAL_ACCENT_COLOR_NAME = AccentColor;
				CODE_SIGN_ENTITLEMENTS = macOS/macOS.entitlements;
				CODE_SIGN_STYLE = Automatic;
				COMBINE_HIDPI_IMAGES = YES;
				DEVELOPMENT_TEAM = 2C6KT7L4EZ;
				ENABLE_HARDENED_RUNTIME = YES;
				ENABLE_PREVIEWS = YES;
				INFOPLIST_FILE = macOS/Info.plist;
				LD_RUNPATH_SEARCH_PATHS = (
					"$(inherited)",
					"@executable_path/../Frameworks",
				);
				MACOSX_DEPLOYMENT_TARGET = 11.0;
				PRODUCT_BUNDLE_IDENTIFIER = VNJ.Monarch;
				PRODUCT_NAME = Monarch;
				SDKROOT = macosx;
				SWIFT_VERSION = 5.0;
			};
			name = Debug;
		};
		A29FACF725EECF4A00F999A0 /* Release */ = {
			isa = XCBuildConfiguration;
			buildSettings = {
				ASSETCATALOG_COMPILER_APPICON_NAME = AppIcon;
				ASSETCATALOG_COMPILER_GLOBAL_ACCENT_COLOR_NAME = AccentColor;
				CODE_SIGN_ENTITLEMENTS = macOS/macOS.entitlements;
				CODE_SIGN_STYLE = Automatic;
				COMBINE_HIDPI_IMAGES = YES;
				DEVELOPMENT_TEAM = 2C6KT7L4EZ;
				ENABLE_HARDENED_RUNTIME = YES;
				ENABLE_PREVIEWS = YES;
				INFOPLIST_FILE = macOS/Info.plist;
				LD_RUNPATH_SEARCH_PATHS = (
					"$(inherited)",
					"@executable_path/../Frameworks",
				);
				MACOSX_DEPLOYMENT_TARGET = 11.0;
				PRODUCT_BUNDLE_IDENTIFIER = VNJ.Monarch;
				PRODUCT_NAME = Monarch;
				SDKROOT = macosx;
				SWIFT_VERSION = 5.0;
			};
			name = Release;
		};
/* End XCBuildConfiguration section */

/* Begin XCConfigurationList section */
		A29FACD525EECF4800F999A0 /* Build configuration list for PBXProject "Monarch" */ = {
			isa = XCConfigurationList;
			buildConfigurations = (
				A29FACF025EECF4A00F999A0 /* Debug */,
				A29FACF125EECF4A00F999A0 /* Release */,
			);
			defaultConfigurationIsVisible = 0;
			defaultConfigurationName = Release;
		};
		A29FACF225EECF4A00F999A0 /* Build configuration list for PBXNativeTarget "Monarch (iOS)" */ = {
			isa = XCConfigurationList;
			buildConfigurations = (
				A29FACF325EECF4A00F999A0 /* Debug */,
				A29FACF425EECF4A00F999A0 /* Release */,
			);
			defaultConfigurationIsVisible = 0;
			defaultConfigurationName = Release;
		};
		A29FACF525EECF4A00F999A0 /* Build configuration list for PBXNativeTarget "Monarch (macOS)" */ = {
			isa = XCConfigurationList;
			buildConfigurations = (
				A29FACF625EECF4A00F999A0 /* Debug */,
				A29FACF725EECF4A00F999A0 /* Release */,
			);
			defaultConfigurationIsVisible = 0;
			defaultConfigurationName = Release;
		};
/* End XCConfigurationList section */
	};
	rootObject = A29FACD225EECF4800F999A0 /* Project object */;
}
